
Microsoft Visual Studio Solution File, Format Version 12.00
# Visual Studio Version 16
VisualStudioVersion = 16.0.29709.97
MinimumVisualStudioVersion = 10.0.40219.1
Project("{FAE04EC0-301F-11D3-BF4B-00C04F79EFBC}") = "Module", "Module.csproj", "{6757BA15-7922-427D-BD1A-E5B817D36028}"
EndProject
Global
	GlobalSection(SolutionConfigurationPlatforms) = preSolution
		Debug|Any CPU = Debug|Any CPU
		Release|Any CPU = Release|Any CPU
	EndGlobalSection
	GlobalSection(ProjectConfigurationPlatforms) = postSolution
		{6757BA15-7922-427D-BD1A-E5B817D36028}.Debug|Any CPU.ActiveCfg = Debug|Any CPU
		{6757BA15-7922-427D-BD1A-E5B817D36028}.Debug|Any CPU.Build.0 = Debug|Any CPU
		{6757BA15-7922-427D-BD1A-E5B817D36028}.Release|Any CPU.ActiveCfg = Release|Any CPU
		{6757BA15-7922-427D-BD1A-E5B817D36028}.Release|Any CPU.Build.0 = Release|Any CPU
	EndGlobalSection
	GlobalSection(SolutionProperties) = preSolution
		HideSolutionNode = FALSE
	EndGlobalSection
	GlobalSection(ExtensibilityGlobals) = postSolution
		SolutionGuid = {32B58A54-3BC5-402E-8473-5F05F077F4AE}
	EndGlobalSection
EndGlobal
