
Microsoft Visual Studio Solution File, Format Version 12.00
# Visual Studio Version 16
VisualStudioVersion = 16.0.29709.97
MinimumVisualStudioVersion = 10.0.40219.1
Project("{FAE04EC0-301F-11D3-BF4B-00C04F79EFBC}") = "Module2", "Module2.csproj", "{BF285B76-536C-4DB0-BB6F-21332032020E}"
EndProject
Global
	GlobalSection(SolutionConfigurationPlatforms) = preSolution
		Debug|Any CPU = Debug|Any CPU
		Release|Any CPU = Release|Any CPU
	EndGlobalSection
	GlobalSection(ProjectConfigurationPlatforms) = postSolution
		{BF285B76-536C-4DB0-BB6F-21332032020E}.Debug|Any CPU.ActiveCfg = Debug|Any CPU
		{BF285B76-536C-4DB0-BB6F-21332032020E}.Debug|Any CPU.Build.0 = Debug|Any CPU
		{BF285B76-536C-4DB0-BB6F-21332032020E}.Release|Any CPU.ActiveCfg = Release|Any CPU
		{BF285B76-536C-4DB0-BB6F-21332032020E}.Release|Any CPU.Build.0 = Release|Any CPU
	EndGlobalSection
	GlobalSection(SolutionProperties) = preSolution
		HideSolutionNode = FALSE
	EndGlobalSection
	GlobalSection(ExtensibilityGlobals) = postSolution
		SolutionGuid = {3FE2F998-08AD-4714-91AA-A6F5663FD1DD}
	EndGlobalSection
EndGlobal
