
Microsoft Visual Studio Solution File, Format Version 12.00
# Visual Studio Version 16
VisualStudioVersion = 16.0.29709.97
MinimumVisualStudioVersion = 10.0.40219.1
Project("{FAE04EC0-301F-11D3-BF4B-00C04F79EFBC}") = "Lab12Task1", "Lab12Task1.csproj", "{B89C8688-4A23-4835-9DA6-6A0F1C0A509A}"
EndProject
Global
	GlobalSection(SolutionConfigurationPlatforms) = preSolution
		Debug|Any CPU = Debug|Any CPU
		Release|Any CPU = Release|Any CPU
	EndGlobalSection
	GlobalSection(ProjectConfigurationPlatforms) = postSolution
		{B89C8688-4A23-4835-9DA6-6A0F1C0A509A}.Debug|Any CPU.ActiveCfg = Debug|Any CPU
		{B89C8688-4A23-4835-9DA6-6A0F1C0A509A}.Debug|Any CPU.Build.0 = Debug|Any CPU
		{B89C8688-4A23-4835-9DA6-6A0F1C0A509A}.Release|Any CPU.ActiveCfg = Release|Any CPU
		{B89C8688-4A23-4835-9DA6-6A0F1C0A509A}.Release|Any CPU.Build.0 = Release|Any CPU
	EndGlobalSection
	GlobalSection(SolutionProperties) = preSolution
		HideSolutionNode = FALSE
	EndGlobalSection
	GlobalSection(ExtensibilityGlobals) = postSolution
		SolutionGuid = {59C53BDF-A30E-49F8-BB0B-F2F9EFC8DE90}
	EndGlobalSection
EndGlobal
